
Microsoft Visual Studio Solution File, Format Version 12.00
# Visual Studio Version 17
VisualStudioVersion = 17.3.32922.545
MinimumVisualStudioVersion = 10.0.40219.1
Project("{9A19103F-16F7-4668-BE54-9A1E7A4F7556}") = "UserApiApp", "UserApiApp\UserApiApp.csproj", "{0A030BA5-971A-4BB8-812D-52891372DACE}"
EndProject
Global
	GlobalSection(SolutionConfigurationPlatforms) = preSolution
		Debug|Any CPU = Debug|Any CPU
		Release|Any CPU = Release|Any CPU
	EndGlobalSection
	GlobalSection(ProjectConfigurationPlatforms) = postSolution
		{0A030BA5-971A-4BB8-812D-52891372DACE}.Debug|Any CPU.ActiveCfg = Debug|Any CPU
		{0A030BA5-971A-4BB8-812D-52891372DACE}.Debug|Any CPU.Build.0 = Debug|Any CPU
		{0A030BA5-971A-4BB8-812D-52891372DACE}.Release|Any CPU.ActiveCfg = Release|Any CPU
		{0A030BA5-971A-4BB8-812D-52891372DACE}.Release|Any CPU.Build.0 = Release|Any CPU
	EndGlobalSection
	GlobalSection(SolutionProperties) = preSolution
		HideSolutionNode = FALSE
	EndGlobalSection
	GlobalSection(ExtensibilityGlobals) = postSolution
		SolutionGuid = {155C75CD-0505-4B7B-9C5E-84875B2052CB}
	EndGlobalSection
EndGlobal
